# This file is automatically @generated by Cargo.
# It is not intended for manual editing.
version = 3

[[package]]
name = "aarch64"
version = "0.1.0"
dependencies = [
 "arch",
 "base",
 "cros_fdt",
 "devices",
 "hypervisor",
 "jail",
 "kernel_cmdline",
 "kernel_loader",
 "libc",
 "memoffset 0.6.5",
 "minijail",
 "rand",
 "remain",
 "resources",
 "swap",
 "sync",
 "thiserror",
 "vm_control",
 "vm_memory",
]

[[package]]
name = "acpi_tables"
version = "0.1.0"
dependencies = [
 "tempfile",
 "zerocopy",
]

[[package]]
name = "aho-corasick"
version = "1.1.3"
source = "registry+https://github.com/rust-lang/crates.io-index"
checksum = "8e60d3430d3a69478ad0993f19238d2df97c507009a52b3c10addcd7f6bcb916"
dependencies = [
 "memchr",
]

[[package]]
name = "anti_tamper"
version = "0.1.0"
dependencies = [
 "base",
]

[[package]]
name = "anyhow"
version = "1.0.81"
source = "registry+https://github.com/rust-lang/crates.io-index"
checksum = "0952808a6c2afd1aa8947271f3a60f1a6763c7b912d210184c5149b5cf147247"

[[package]]
name = "arch"
version = "0.1.0"
dependencies = [
 "acpi_tables",
 "anyhow",
 "base",
 "cfg-if",
 "cros_fdt",
 "cros_tracing",
 "devices",
 "hypervisor",
 "jail",
 "kernel_cmdline",
 "libc",
 "minijail",
 "power_monitor",
 "remain",
 "resources",
 "serde",
 "serde_json",
 "serde_keyvalue",
 "swap",
 "sync",
 "thiserror",
 "uuid",
 "vm_control",
 "vm_memory",
 "winapi",
]

[[package]]
name = "argh"
version = "0.1.12"
source = "registry+https://github.com/rust-lang/crates.io-index"
checksum = "7af5ba06967ff7214ce4c7419c7d185be7ecd6cc4965a8f6e1d8ce0398aad219"
dependencies = [
 "argh_derive",
 "argh_shared",
]

[[package]]
name = "argh_derive"
version = "0.1.12"
source = "registry+https://github.com/rust-lang/crates.io-index"
checksum = "56df0aeedf6b7a2fc67d06db35b09684c3e8da0c95f8f27685cb17e08413d87a"
dependencies = [
 "argh_shared",
 "proc-macro2",
 "quote 1.0.35",
 "syn 2.0.57",
]

[[package]]
name = "argh_helpers"
version = "0.1.0"
dependencies = [
 "proc-macro2",
 "quote 1.0.35",
 "syn 2.0.57",
]

[[package]]
name = "argh_shared"
version = "0.1.12"
source = "registry+https://github.com/rust-lang/crates.io-index"
checksum = "5693f39141bda5760ecc4111ab08da40565d1771038c4a0250f03457ec707531"
dependencies = [
 "serde",
]

[[package]]
name = "async-task"
version = "4.7.0"
source = "registry+https://github.com/rust-lang/crates.io-index"
checksum = "fbb36e985947064623dbd357f727af08ffd077f93d696782f3c56365fa2e2799"

[[package]]
name = "async-trait"
version = "0.1.79"
source = "registry+https://github.com/rust-lang/crates.io-index"
checksum = "a507401cad91ec6a857ed5513a2073c82a9b9048762b885bb98655b306964681"
dependencies = [
 "proc-macro2",
 "quote 1.0.35",
 "syn 2.0.57",
]

[[package]]
name = "audio_streams"
version = "0.1.0"
dependencies = [
 "async-trait",
 "futures",
 "remain",
 "serde",
 "thiserror",
]

[[package]]
name = "audio_util"
version = "0.1.0"
dependencies = [
 "async-trait",
 "audio_streams",
 "base",
 "thiserror",
]

[[package]]
name = "autocfg"
version = "1.2.0"
source = "registry+https://github.com/rust-lang/crates.io-index"
checksum = "f1fdabc7756949593fe60f30ec81974b613357de856987752631dea1e3394c80"

[[package]]
name = "balloon_control"
version = "0.1.0"
dependencies = [
 "serde",
]

[[package]]
name = "base"
version = "0.1.0"
dependencies = [
 "audio_streams",
 "base_event_token_derive",
 "cfg-if",
 "chrono",
 "env_logger",
 "libc",
 "log",
 "minijail",
 "once_cell",
 "protobuf",
 "rand",
 "remain",
 "serde",
 "serde_json",
 "smallvec",
 "sync",
 "tempfile",
 "thiserror",
 "uuid",
 "win_util",
 "winapi",
 "zerocopy",
]

[[package]]
name = "base_event_token_derive"
version = "0.1.0"
dependencies = [
 "proc-macro2",
 "quote 1.0.35",
 "syn 2.0.57",
]

[[package]]
name = "bindgen"
version = "0.63.0"
source = "registry+https://github.com/rust-lang/crates.io-index"
checksum = "36d860121800b2a9a94f9b5604b332d5cffb234ce17609ea479d723dbc9d3885"
dependencies = [
 "bitflags 1.3.2",
 "cexpr",
 "clang-sys",
 "lazy_static",
 "lazycell",
 "log",
 "peeking_take_while",
 "proc-macro2",
 "quote 1.0.35",
 "regex",
 "rustc-hash",
 "shlex",
 "syn 1.0.109",
 "which",
]

[[package]]
name = "bit_field"
version = "0.1.0"
dependencies = [
 "bit_field_derive",
]

[[package]]
name = "bit_field_derive"
version = "0.1.0"
dependencies = [
 "proc-macro2",
 "quote 1.0.35",
 "syn 2.0.57",
]

[[package]]
name = "bitflags"
version = "1.3.2"
source = "registry+https://github.com/rust-lang/crates.io-index"
checksum = "bef38d45163c2f1dde094a7dfd33ccf595c92905c8f8f4fdc18d06fb1037718a"

[[package]]
name = "bitflags"
version = "2.5.0"
source = "registry+https://github.com/rust-lang/crates.io-index"
checksum = "cf4b9d6a944f767f8e5e0db018570623c85f3d925ac718db4e06d0187adb21c1"

[[package]]
name = "bldy"
version = "0.1.0"
dependencies = [
 "libcrosvm",
]

[[package]]
name = "broker_ipc"
version = "0.1.0"
dependencies = [
 "anyhow",
 "base",
 "broker_ipc_product",
 "metrics",
 "serde",
]

[[package]]
name = "broker_ipc_product"
version = "0.1.0"
dependencies = [
 "anyhow",
 "serde",
]

[[package]]
name = "byteorder"
version = "1.5.0"
source = "registry+https://github.com/rust-lang/crates.io-index"
checksum = "1fd0f2584146f6f2ef48085050886acf353beff7305ebd1ae69500e27c67f64b"

[[package]]
name = "cc"
version = "1.0.90"
source = "registry+https://github.com/rust-lang/crates.io-index"
checksum = "8cd6604a82acf3039f1144f54b8eb34e91ffba622051189e71b781822d5ee1f5"

[[package]]
name = "cexpr"
version = "0.6.0"
source = "registry+https://github.com/rust-lang/crates.io-index"
checksum = "6fac387a98bb7c37292057cffc56d62ecb629900026402633ae9160df93a8766"
dependencies = [
 "nom",
]

[[package]]
name = "cfg-if"
version = "1.0.0"
source = "registry+https://github.com/rust-lang/crates.io-index"
checksum = "baf1de4339761588bc0619e3cbc0120ee582ebb74b53b4efbf79117bd2da40fd"

[[package]]
name = "cfg_aliases"
version = "0.1.1"
source = "registry+https://github.com/rust-lang/crates.io-index"
checksum = "fd16c4719339c4530435d38e511904438d07cce7950afa3718a84ac36c10e89e"

[[package]]
name = "chrono"
version = "0.4.37"
source = "registry+https://github.com/rust-lang/crates.io-index"
checksum = "8a0d04d43504c61aa6c7531f1871dd0d418d91130162063b789da00fd7057a5e"
dependencies = [
 "num-traits",
 "serde",
]

[[package]]
name = "clang-sys"
version = "1.7.0"
source = "registry+https://github.com/rust-lang/crates.io-index"
checksum = "67523a3b4be3ce1989d607a828d036249522dd9c1c8de7f4dd2dae43a37369d1"
dependencies = [
 "glob",
 "libc",
 "libloading",
]

[[package]]
name = "cros_async"
version = "0.1.1"
dependencies = [
 "anyhow",
 "async-task",
 "async-trait",
 "audio_streams",
 "base",
 "cfg-if",
 "futures",
 "intrusive-collections",
 "io_uring",
 "libc",
 "once_cell",
 "paste",
 "pin-utils",
 "remain",
 "serde",
 "serde_keyvalue",
 "slab",
 "smallvec",
 "static_assertions",
 "sync",
 "thiserror",
 "win_util",
 "winapi",
]

[[package]]
name = "cros_fdt"
version = "0.1.0"
dependencies = [
 "anyhow",
 "indexmap 2.2.6",
 "remain",
 "thiserror",
]

[[package]]
name = "cros_tracing"
version = "0.1.0"
dependencies = [
 "anyhow",
 "base",
 "cfg-if",
 "cros_tracing_types",
 "sync",
]

[[package]]
name = "cros_tracing_types"
version = "0.1.0"
dependencies = [
 "anyhow",
 "sync",
]

[[package]]
name = "crossbeam-deque"
version = "0.8.5"
source = "registry+https://github.com/rust-lang/crates.io-index"
checksum = "613f8cc01fe9cf1a3eb3d7f488fd2fa8388403e97039e2f73692932e291a770d"
dependencies = [
 "crossbeam-epoch",
 "crossbeam-utils",
]

[[package]]
name = "crossbeam-epoch"
version = "0.9.18"
source = "registry+https://github.com/rust-lang/crates.io-index"
checksum = "5b82ac4a3c2ca9c3460964f020e1402edd5753411d7737aa39c3714ad1b5420e"
dependencies = [
 "crossbeam-utils",
]

[[package]]
name = "crossbeam-utils"
version = "0.8.19"
source = "registry+https://github.com/rust-lang/crates.io-index"
checksum = "248e3bacc7dc6baa3b21e405ee045c3047101a49145e7e9eca583ab4c2ca5345"

[[package]]
name = "crosvm_cli"
version = "0.1.0"
dependencies = [
 "anyhow",
 "cfg-if",
 "win_util",
 "winapi",
]

[[package]]
name = "crypto_generic"
version = "0.1.0"
dependencies = [
 "anyhow",
 "base",
 "serde",
 "serde_json",
 "tempfile",
 "zeroize",
]

[[package]]
name = "ctrlc"
version = "3.4.4"
source = "registry+https://github.com/rust-lang/crates.io-index"
checksum = "672465ae37dc1bc6380a6547a8883d5dd397b0f1faaad4f265726cc7042a5345"
dependencies = [
 "nix 0.28.0",
 "windows-sys",
]

[[package]]
name = "data_model"
version = "0.1.1-alpha.1"
dependencies = [
 "serde",
 "zerocopy",
]

[[package]]
name = "derive-into-owned"
version = "0.1.0"
source = "registry+https://github.com/rust-lang/crates.io-index"
checksum = "576fce04d31d592013a5887ba8d9c3830adff329e5096d7e1eb5e8e61262ca62"
dependencies = [
 "quote 0.3.15",
 "syn 0.11.11",
]

[[package]]
name = "devices"
version = "0.1.0"
dependencies = [
 "acpi_tables",
 "anyhow",
 "argh",
 "async-task",
 "async-trait",
 "audio_streams",
 "audio_util",
 "balloon_control",
 "base",
 "bit_field",
 "broker_ipc",
 "cfg-if",
 "chrono",
 "cros_async",
 "cros_tracing",
 "crosvm_cli",
 "data_model",
 "disk",
 "downcast-rs",
 "enumn",
 "fuse",
 "futures",
 "gpu_display",
 "hypervisor",
 "kvm_sys",
 "libc",
 "libvda",
 "linux_input_sys",
 "memoffset 0.6.5",
 "metrics",
 "minijail",
 "net_sys",
 "net_util",
 "num-traits",
 "once_cell",
 "p9",
 "power_monitor",
 "rand",
 "remain",
 "resources",
 "rutabaga_gfx",
 "serde",
 "serde_json",
 "serde_keyvalue",
 "smallvec",
 "swap",
 "sync",
 "thiserror",
 "tube_transporter",
 "usb_util",
 "vfio_sys",
 "vhost",
 "virtio_sys",
 "vm_control",
 "vm_memory",
 "vmm_vhost",
 "win_audio",
 "win_util",
 "winapi",
 "zerocopy",
]

[[package]]
name = "disk"
version = "0.1.0"
dependencies = [
 "async-trait",
 "base",
 "cfg-if",
 "cros_async",
 "data_model",
 "futures",
 "libc",
 "remain",
 "serde",
 "sync",
 "tempfile",
 "thiserror",
 "vm_memory",
 "zerocopy",
]

[[package]]
name = "document-features"
version = "0.2.8"
source = "registry+https://github.com/rust-lang/crates.io-index"
checksum = "ef5282ad69563b5fc40319526ba27e0e7363d552a896f0297d54f767717f9b95"
dependencies = [
 "litrs",
]

[[package]]
name = "downcast-rs"
version = "1.2.0"
source = "registry+https://github.com/rust-lang/crates.io-index"
checksum = "9ea835d29036a4087793836fa931b08837ad5e957da9e23886b29586fb9b6650"

[[package]]
name = "either"
version = "1.10.0"
source = "registry+https://github.com/rust-lang/crates.io-index"
checksum = "11157ac094ffbdde99aa67b23417ebdd801842852b500e395a45a9c0aac03e4a"

[[package]]
name = "enumn"
version = "0.1.13"
source = "registry+https://github.com/rust-lang/crates.io-index"
checksum = "6fd000fd6988e73bbe993ea3db9b1aa64906ab88766d654973924340c8cddb42"
dependencies = [
 "proc-macro2",
 "quote 1.0.35",
 "syn 2.0.57",
]

[[package]]
name = "env_logger"
version = "0.9.3"
source = "registry+https://github.com/rust-lang/crates.io-index"
checksum = "a12e6657c4c97ebab115a42dcee77225f7f482cdd841cf7088c657a42e9e00e7"
dependencies = [
 "log",
]

[[package]]
name = "equivalent"
version = "1.0.1"
source = "registry+https://github.com/rust-lang/crates.io-index"
checksum = "5443807d6dff69373d433ab9ef5378ad8df50ca6298caf15de6e52e24aaf54d5"

[[package]]
name = "errno"
version = "0.3.8"
source = "registry+https://github.com/rust-lang/crates.io-index"
checksum = "a258e46cdc063eb8519c00b9fc845fc47bcfca4130e2f08e88665ceda8474245"
dependencies = [
 "libc",
 "windows-sys",
]

[[package]]
name = "euclid"
version = "0.22.9"
source = "registry+https://github.com/rust-lang/crates.io-index"
checksum = "87f253bc5c813ca05792837a0ff4b3a580336b224512d48f7eda1d7dd9210787"
dependencies = [
 "num-traits",
]

[[package]]
name = "fastrand"
version = "2.0.2"
source = "registry+https://github.com/rust-lang/crates.io-index"
checksum = "658bd65b1cf4c852a3cc96f18a8ce7b5640f6b703f905c7d74532294c2a63984"

[[package]]
name = "fnv"
version = "1.0.7"
source = "registry+https://github.com/rust-lang/crates.io-index"
checksum = "3f9eec918d3f24069decb9af1554cad7c880e2da24a9afd88aca000531ab82c1"

[[package]]
name = "fuse"
version = "0.1.0"
dependencies = [
 "base",
 "bitflags 2.5.0",
 "cros_tracing",
 "crossbeam-utils",
 "enumn",
 "libc",
 "remain",
 "thiserror",
 "zerocopy",
]

[[package]]
name = "futures"
version = "0.3.30"
source = "registry+https://github.com/rust-lang/crates.io-index"
checksum = "645c6916888f6cb6350d2550b80fb63e734897a8498abe35cfb732b6487804b0"
dependencies = [
 "futures-channel",
 "futures-core",
 "futures-executor",
 "futures-io",
 "futures-sink",
 "futures-task",
 "futures-util",
]

[[package]]
name = "futures-channel"
version = "0.3.30"
source = "registry+https://github.com/rust-lang/crates.io-index"
checksum = "eac8f7d7865dcb88bd4373ab671c8cf4508703796caa2b1985a9ca867b3fcb78"
dependencies = [
 "futures-core",
 "futures-sink",
]

[[package]]
name = "futures-core"
version = "0.3.30"
source = "registry+https://github.com/rust-lang/crates.io-index"
checksum = "dfc6580bb841c5a68e9ef15c77ccc837b40a7504914d52e47b8b0e9bbda25a1d"

[[package]]
name = "futures-executor"
version = "0.3.30"
source = "registry+https://github.com/rust-lang/crates.io-index"
checksum = "a576fc72ae164fca6b9db127eaa9a9dda0d61316034f33a0a0d4eda41f02b01d"
dependencies = [
 "futures-core",
 "futures-task",
 "futures-util",
]

[[package]]
name = "futures-io"
version = "0.3.30"
source = "registry+https://github.com/rust-lang/crates.io-index"
checksum = "a44623e20b9681a318efdd71c299b6b222ed6f231972bfe2f224ebad6311f0c1"

[[package]]
name = "futures-macro"
version = "0.3.30"
source = "registry+https://github.com/rust-lang/crates.io-index"
checksum = "87750cf4b7a4c0625b1529e4c543c2182106e4dedc60a2a6455e00d212c489ac"
dependencies = [
 "proc-macro2",
 "quote 1.0.35",
 "syn 2.0.57",
]

[[package]]
name = "futures-sink"
version = "0.3.30"
source = "registry+https://github.com/rust-lang/crates.io-index"
checksum = "9fb8e00e87438d937621c1c6269e53f536c14d3fbd6a042bb24879e57d474fb5"

[[package]]
name = "futures-task"
version = "0.3.30"
source = "registry+https://github.com/rust-lang/crates.io-index"
checksum = "38d84fa142264698cdce1a9f9172cf383a0c82de1bddcf3092901442c4097004"

[[package]]
name = "futures-util"
version = "0.3.30"
source = "registry+https://github.com/rust-lang/crates.io-index"
checksum = "3d6401deb83407ab3da39eba7e33987a73c3df0c82b4bb5813ee871c19c41d48"
dependencies = [
 "futures-channel",
 "futures-core",
 "futures-io",
 "futures-macro",
 "futures-sink",
 "futures-task",
 "memchr",
 "pin-project-lite",
 "pin-utils",
 "slab",
]

[[package]]
name = "getrandom"
version = "0.2.12"
source = "registry+https://github.com/rust-lang/crates.io-index"
checksum = "190092ea657667030ac6a35e305e62fc4dd69fd98ac98631e5d3a2b1575a12b5"
dependencies = [
 "cfg-if",
 "libc",
 "wasi",
]

[[package]]
name = "glob"
version = "0.3.1"
source = "registry+https://github.com/rust-lang/crates.io-index"
checksum = "d2fabcfbdc87f4758337ca535fb41a6d701b65693ce38287d856d1674551ec9b"

[[package]]
name = "gpu_display"
version = "0.1.0"
dependencies = [
 "anyhow",
 "base",
 "cc",
 "cfg-if",
 "cros_tracing",
 "euclid",
 "libc",
 "linux_input_sys",
 "metrics",
 "num-traits",
 "pkg-config",
 "remain",
 "serde",
 "smallvec",
 "sync",
 "thiserror",
 "vm_control",
 "which",
 "win_util",
 "winapi",
 "zerocopy",
]

[[package]]
name = "hashbrown"
version = "0.12.3"
source = "registry+https://github.com/rust-lang/crates.io-index"
checksum = "8a9ee70c43aaf417c914396645a0fa852624801b24ebb7ae78fe8272889ac888"

[[package]]
name = "hashbrown"
version = "0.14.3"
source = "registry+https://github.com/rust-lang/crates.io-index"
checksum = "290f1a1d9242c78d09ce40a5e87e7554ee637af1351968159f4952f028f75604"

[[package]]
name = "hermit-abi"
version = "0.3.9"
source = "registry+https://github.com/rust-lang/crates.io-index"
checksum = "d231dfb89cfffdbc30e7fc41579ed6066ad03abda9e567ccafae602b97ec5024"

[[package]]
name = "home"
version = "0.5.9"
source = "registry+https://github.com/rust-lang/crates.io-index"
checksum = "e3d1354bf6b7235cb4a0576c2619fd4ed18183f689b12b006a0ee7329eeff9a5"
dependencies = [
 "windows-sys",
]

[[package]]
name = "hypervisor"
version = "0.1.0"
dependencies = [
 "anyhow",
 "base",
 "bit_field",
 "bitflags 2.5.0",
 "cros_fdt",
 "data_model",
 "downcast-rs",
 "enumn",
 "fnv",
 "kvm",
 "kvm_sys",
 "libc",
 "memoffset 0.6.5",
 "once_cell",
 "serde",
 "serde_json",
 "sync",
 "thiserror",
 "vm_memory",
 "win_util",
 "winapi",
 "windows",
]

[[package]]
name = "indexmap"
version = "1.9.3"
source = "registry+https://github.com/rust-lang/crates.io-index"
checksum = "bd070e393353796e801d209ad339e89596eb4c8d430d18ede6a1cced8fafbd99"
dependencies = [
 "autocfg",
 "hashbrown 0.12.3",
]

[[package]]
name = "indexmap"
version = "2.2.6"
source = "registry+https://github.com/rust-lang/crates.io-index"
checksum = "168fb715dda47215e360912c096649d23d58bf392ac62f73919e831745e40f26"
dependencies = [
 "equivalent",
 "hashbrown 0.14.3",
]

[[package]]
name = "intrusive-collections"
version = "0.9.6"
source = "registry+https://github.com/rust-lang/crates.io-index"
checksum = "b694dc9f70c3bda874626d2aed13b780f137aab435f4e9814121955cf706122e"
dependencies = [
 "memoffset 0.9.1",
]

[[package]]
name = "io_uring"
version = "0.1.1"
dependencies = [
 "base",
 "libc",
 "remain",
 "sync",
 "thiserror",
]

[[package]]
name = "itoa"
version = "1.0.11"
source = "registry+https://github.com/rust-lang/crates.io-index"
checksum = "49f1f14873335454500d59611f1cf4a4b0f786f9ac11f4312a78e4cf2566695b"

[[package]]
name = "jail"
version = "0.1.0"
dependencies = [
 "anyhow",
 "base",
 "libc",
 "minijail",
 "once_cell",
 "rayon",
 "serde",
 "serde_keyvalue",
 "static_assertions",
 "which",
 "zerocopy",
]

[[package]]
name = "kernel_cmdline"
version = "0.1.0"
dependencies = [
 "libc",
 "remain",
 "thiserror",
]

[[package]]
name = "kernel_loader"
version = "0.1.0"
dependencies = [
 "base",
 "data_model",
 "libc",
 "lz4_flex",
 "remain",
 "resources",
 "thiserror",
 "vm_memory",
 "zerocopy",
]

[[package]]
name = "kvm"
version = "0.1.0"
dependencies = [
 "base",
 "data_model",
 "kvm_sys",
 "libc",
 "sync",
 "vm_memory",
]

[[package]]
name = "kvm_sys"
version = "0.1.0"
dependencies = [
 "base",
 "data_model",
 "libc",
 "zerocopy",
]

[[package]]
name = "lazy_static"
version = "1.4.0"
source = "registry+https://github.com/rust-lang/crates.io-index"
checksum = "e2abad23fbc42b3700f2f279844dc832adb2b2eb069b2df918f455c4e18cc646"

[[package]]
name = "lazycell"
version = "1.3.0"
source = "registry+https://github.com/rust-lang/crates.io-index"
checksum = "830d08ce1d1d941e6b30645f1a0eb5643013d835ce3779a5fc208261dbe10f55"

[[package]]
name = "libc"
version = "0.2.153"
source = "registry+https://github.com/rust-lang/crates.io-index"
checksum = "9c198f91728a82281a64e1f4f9eeb25d82cb32a5de251c6bd1b5154d63a8e7bd"

[[package]]
name = "libcras"
version = "0.1.0"
dependencies = [
 "audio_streams",
 "serde",
]

[[package]]
name = "libcrosvm"
version = "0.1.0"
dependencies = [
 "aarch64",
 "acpi_tables",
 "anti_tamper",
 "anyhow",
 "arch",
 "argh",
 "argh_helpers",
 "audio_streams",
 "base",
 "bit_field",
 "broker_ipc",
 "cfg-if",
 "cros_async",
 "cros_tracing",
 "crosvm_cli",
 "ctrlc",
 "devices",
 "disk",
 "document-features",
 "enumn",
 "futures",
 "gpu_display",
 "hypervisor",
 "jail",
 "kernel_cmdline",
 "kernel_loader",
 "libc",
 "libcras",
 "log",
 "merge",
 "metrics",
 "minijail",
 "net_util",
 "once_cell",
 "p9",
 "rand",
 "remain",
 "resources",
 "riscv64",
 "rutabaga_gfx",
 "sandbox",
 "serde",
 "serde_json",
 "serde_keyvalue",
 "smallvec",
 "static_assertions",
 "swap",
 "sync",
 "tempfile",
 "thiserror",
 "tube_transporter",
 "uuid",
 "vhost",
 "vm_control",
 "vm_memory",
 "win_audio",
 "win_util",
 "winapi",
 "x86_64",
 "zerocopy",
]

[[package]]
name = "libloading"
version = "0.8.3"
source = "registry+https://github.com/rust-lang/crates.io-index"
checksum = "0c2a198fb6b0eada2a8df47933734e6d35d350665a33a3593d7164fa52c75c19"
dependencies = [
 "cfg-if",
 "windows-targets 0.52.4",
]

[[package]]
name = "libslirp-sys"
version = "4.2.1"
source = "registry+https://github.com/rust-lang/crates.io-index"
checksum = "2772370ce9b7fa05c7eae0bd033005e139a64d52cee498a7905b3eb5d243c5f4"
dependencies = [
 "pkg-config",
]

[[package]]
name = "libvda"
version = "0.1.0"
dependencies = [
 "enumn",
 "libc",
 "pkg-config",
]

[[package]]
name = "linux-raw-sys"
version = "0.4.13"
source = "registry+https://github.com/rust-lang/crates.io-index"
checksum = "01cda141df6706de531b6c46c3a33ecca755538219bd484262fa09410c13539c"

[[package]]
name = "linux_input_sys"
version = "0.1.0"
dependencies = [
 "base",
 "data_model",
 "libc",
 "zerocopy",
]

[[package]]
name = "litrs"
version = "0.4.1"
source = "registry+https://github.com/rust-lang/crates.io-index"
checksum = "b4ce301924b7887e9d637144fdade93f9dfff9b60981d4ac161db09720d39aa5"

[[package]]
name = "lock_api"
version = "0.4.11"
source = "registry+https://github.com/rust-lang/crates.io-index"
checksum = "3c168f8615b12bc01f9c17e2eb0cc07dcae1940121185446edc3744920e8ef45"
dependencies = [
 "autocfg",
 "scopeguard",
]

[[package]]
name = "log"
version = "0.4.21"
source = "registry+https://github.com/rust-lang/crates.io-index"
checksum = "90ed8c1e510134f979dbc4f070f87d4313098b704861a105fe34231c70a3901c"

[[package]]
name = "lz4_flex"
version = "0.11.3"
source = "registry+https://github.com/rust-lang/crates.io-index"
checksum = "75761162ae2b0e580d7e7c390558127e5f01b4194debd6221fd8c207fc80e3f5"
dependencies = [
 "twox-hash",
]

[[package]]
name = "memchr"
version = "2.7.2"
source = "registry+https://github.com/rust-lang/crates.io-index"
checksum = "6c8640c5d730cb13ebd907d8d04b52f55ac9a2eec55b440c8892f40d56c76c1d"

[[package]]
name = "memoffset"
version = "0.6.5"
source = "registry+https://github.com/rust-lang/crates.io-index"
checksum = "5aa361d4faea93603064a027415f07bd8e1d5c88c9fbf68bf56a285428fd79ce"
dependencies = [
 "autocfg",
]

[[package]]
name = "memoffset"
version = "0.9.1"
source = "registry+https://github.com/rust-lang/crates.io-index"
checksum = "488016bfae457b036d996092f6cb448677611ce4449e970ceaf42695203f218a"
dependencies = [
 "autocfg",
]

[[package]]
name = "merge"
version = "0.1.0"
source = "registry+https://github.com/rust-lang/crates.io-index"
checksum = "10bbef93abb1da61525bbc45eeaff6473a41907d19f8f9aa5168d214e10693e9"
dependencies = [
 "merge_derive",
 "num-traits",
]

[[package]]
name = "merge_derive"
version = "0.1.0"
source = "registry+https://github.com/rust-lang/crates.io-index"
checksum = "209d075476da2e63b4b29e72a2ef627b840589588e71400a25e3565c4f849d07"
dependencies = [
 "proc-macro-error",
 "proc-macro2",
 "quote 1.0.35",
 "syn 1.0.109",
]

[[package]]
name = "metrics"
version = "0.1.0"
dependencies = [
 "anyhow",
 "base",
 "cfg-if",
 "chrono",
 "metrics_generic",
 "serde",
 "sync",
 "winapi",
]

[[package]]
name = "metrics_generic"
version = "0.1.0"
dependencies = [
 "anyhow",
 "base",
 "cfg-if",
 "proto_build_tools",
 "protobuf",
 "serde",
 "win_util",
]

[[package]]
name = "minijail"
version = "0.2.3"
dependencies = [
 "libc",
 "minijail-sys",
]

[[package]]
name = "minijail-sys"
version = "0.0.14"
dependencies = [
 "bindgen",
 "libc",
 "pkg-config",
 "which",
]

[[package]]
name = "minimal-lexical"
version = "0.2.1"
source = "registry+https://github.com/rust-lang/crates.io-index"
checksum = "68354c5c6bd36d73ff3feceb05efa59b6acb7626617f4962be322a825e61f79a"

[[package]]
name = "named-lock"
version = "0.3.0"
source = "registry+https://github.com/rust-lang/crates.io-index"
checksum = "0b4a84f3731e71a5792fca72324356bf700c8959d31a2ac34134b25989f254c3"
dependencies = [
 "libc",
 "once_cell",
 "parking_lot",
 "thiserror",
 "widestring",
 "winapi",
]

[[package]]
name = "net_sys"
version = "0.1.0"
dependencies = [
 "base",
 "libc",
]

[[package]]
name = "net_util"
version = "0.1.0"
dependencies = [
 "anyhow",
 "base",
 "cfg-if",
 "cros_async",
 "libc",
 "libslirp-sys",
 "metrics",
 "net_sys",
 "pcap-file",
 "prebuilts",
 "remain",
 "serde",
 "smallvec",
 "thiserror",
 "virtio_sys",
 "winapi",
 "zerocopy",
]

[[package]]
name = "nix"
version = "0.27.1"
source = "registry+https://github.com/rust-lang/crates.io-index"
checksum = "2eb04e9c688eff1c89d72b407f168cf79bb9e867a9d3323ed6c01519eb9cc053"
dependencies = [
 "bitflags 2.5.0",
 "cfg-if",
 "libc",
 "memoffset 0.9.1",
]

[[package]]
name = "nix"
version = "0.28.0"
source = "registry+https://github.com/rust-lang/crates.io-index"
checksum = "ab2156c4fce2f8df6c499cc1c763e4394b7482525bf2a9701c9d79d215f519e4"
dependencies = [
 "bitflags 2.5.0",
 "cfg-if",
 "cfg_aliases",
 "libc",
]

[[package]]
name = "nom"
version = "7.1.3"
source = "registry+https://github.com/rust-lang/crates.io-index"
checksum = "d273983c5a657a70a3e8f2a01329822f3b8c8172b73826411a55751e404a0a4a"
dependencies = [
 "memchr",
 "minimal-lexical",
]

[[package]]
name = "num-traits"
version = "0.2.18"
source = "registry+https://github.com/rust-lang/crates.io-index"
checksum = "da0df0e5185db44f69b44f26786fe401b6c293d1907744beaa7fa62b2e5a517a"
dependencies = [
 "autocfg",
]

[[package]]
name = "num_cpus"
version = "1.16.0"
source = "registry+https://github.com/rust-lang/crates.io-index"
checksum = "4161fcb6d602d4d2081af7c3a45852d875a03dd337a6bfdd6e06407b61342a43"
dependencies = [
 "hermit-abi",
 "libc",
]

[[package]]
name = "once_cell"
version = "1.19.0"
source = "registry+https://github.com/rust-lang/crates.io-index"
checksum = "3fdb12b2476b595f9358c5161aa467c2438859caa136dec86c26fdd2efe17b92"

[[package]]
name = "p9"
version = "0.2.3"
source = "registry+https://github.com/rust-lang/crates.io-index"
checksum = "4838a2d89bdcbcad051f18347ed6cbe3e5b9b09fb0019e1a6ec4bb2bb1d29481"
dependencies = [
 "libc",
 "p9_wire_format_derive",
 "serde",
]

[[package]]
name = "p9_wire_format_derive"
version = "0.2.3"
source = "registry+https://github.com/rust-lang/crates.io-index"
checksum = "e6085210d8ec9bcbdf38b5c8e97bccef1877f3f291eae48b65388ca979f5314e"
dependencies = [
 "proc-macro2",
 "quote 1.0.35",
 "syn 1.0.109",
]

[[package]]
name = "parking_lot"
version = "0.12.1"
source = "registry+https://github.com/rust-lang/crates.io-index"
checksum = "3742b2c103b9f06bc9fff0a37ff4912935851bee6d36f3c02bcc755bcfec228f"
dependencies = [
 "lock_api",
 "parking_lot_core",
]

[[package]]
name = "parking_lot_core"
version = "0.9.9"
source = "registry+https://github.com/rust-lang/crates.io-index"
checksum = "4c42a9226546d68acdd9c0a280d17ce19bfe27a46bf68784e4066115788d008e"
dependencies = [
 "cfg-if",
 "libc",
 "redox_syscall",
 "smallvec",
 "windows-targets 0.48.5",
]

[[package]]
name = "paste"
version = "1.0.14"
source = "registry+https://github.com/rust-lang/crates.io-index"
checksum = "de3145af08024dea9fa9914f381a17b8fc6034dfb00f3a84013f7ff43f29ed4c"

[[package]]
name = "pcap-file"
version = "1.1.1"
source = "registry+https://github.com/rust-lang/crates.io-index"
checksum = "6ad13fed1a83120159aea81b265074f21d753d157dd16b10cc3790ecba40a341"
dependencies = [
 "byteorder",
 "derive-into-owned",
 "thiserror",
]

[[package]]
name = "peeking_take_while"
version = "0.1.2"
source = "registry+https://github.com/rust-lang/crates.io-index"
checksum = "19b17cddbe7ec3f8bc800887bab5e717348c95ea2ca0b1bf0837fb964dc67099"

[[package]]
name = "pin-project-lite"
version = "0.2.14"
source = "registry+https://github.com/rust-lang/crates.io-index"
checksum = "bda66fc9667c18cb2758a2ac84d1167245054bcf85d5d1aaa6923f45801bdd02"

[[package]]
name = "pin-utils"
version = "0.1.0"
source = "registry+https://github.com/rust-lang/crates.io-index"
checksum = "8b870d8c151b6f2fb93e84a13146138f05d02ed11c7e7c54f8826aaaf7c9f184"

[[package]]
name = "pkg-config"
version = "0.3.30"
source = "registry+https://github.com/rust-lang/crates.io-index"
checksum = "d231b230927b5e4ad203db57bbcbee2802f6bce620b1e4a9024a07d94e2907ec"

[[package]]
name = "power_monitor"
version = "0.1.0"
dependencies = [
 "base",
 "proto_build_tools",
 "protobuf",
 "remain",
 "thiserror",
]

[[package]]
name = "ppv-lite86"
version = "0.2.17"
source = "registry+https://github.com/rust-lang/crates.io-index"
checksum = "5b40af805b3121feab8a3c29f04d8ad262fa8e0561883e7653e024ae4479e6de"

[[package]]
name = "prebuilts"
version = "0.1.0"
dependencies = [
 "anyhow",
 "cfg-if",
 "named-lock",
]

[[package]]
name = "proc-macro-error"
version = "1.0.4"
source = "registry+https://github.com/rust-lang/crates.io-index"
checksum = "da25490ff9892aab3fcf7c36f08cfb902dd3e71ca0f9f9517bea02a73a5ce38c"
dependencies = [
 "proc-macro-error-attr",
 "proc-macro2",
 "quote 1.0.35",
 "syn 1.0.109",
 "version_check",
]

[[package]]
name = "proc-macro-error-attr"
version = "1.0.4"
source = "registry+https://github.com/rust-lang/crates.io-index"
checksum = "a1be40180e52ecc98ad80b184934baf3d0d29f979574e439af5a55274b35f869"
dependencies = [
 "proc-macro2",
 "quote 1.0.35",
 "version_check",
]

[[package]]
name = "proc-macro2"
version = "1.0.79"
source = "registry+https://github.com/rust-lang/crates.io-index"
checksum = "e835ff2298f5721608eb1a980ecaee1aef2c132bf95ecc026a11b7bf3c01c02e"
dependencies = [
 "unicode-ident",
]

[[package]]
name = "proto_build_tools"
version = "0.1.0"
dependencies = [
 "protobuf-codegen",
]

[[package]]
name = "protobuf"
version = "3.4.0"
source = "registry+https://github.com/rust-lang/crates.io-index"
checksum = "58678a64de2fced2bdec6bca052a6716a0efe692d6e3f53d1bda6a1def64cfc0"
dependencies = [
 "once_cell",
 "protobuf-support",
 "thiserror",
]

[[package]]
name = "protobuf-codegen"
version = "3.4.0"
source = "registry+https://github.com/rust-lang/crates.io-index"
checksum = "32777b0b3f6538d9d2e012b3fad85c7e4b9244b5958d04a6415f4333782b7a77"
dependencies = [
 "anyhow",
 "once_cell",
 "protobuf",
 "protobuf-parse",
 "regex",
 "tempfile",
 "thiserror",
]

[[package]]
name = "protobuf-parse"
version = "3.4.0"
source = "registry+https://github.com/rust-lang/crates.io-index"
checksum = "96cb37955261126624a25b5e6bda40ae34cf3989d52a783087ca6091b29b5642"
dependencies = [
 "anyhow",
 "indexmap 1.9.3",
 "log",
 "protobuf",
 "protobuf-support",
 "tempfile",
 "thiserror",
 "which",
]

[[package]]
name = "protobuf-support"
version = "3.4.0"
source = "registry+https://github.com/rust-lang/crates.io-index"
checksum = "e1ed294a835b0f30810e13616b1cd34943c6d1e84a8f3b0dcfe466d256c3e7e7"
dependencies = [
 "thiserror",
]

[[package]]
name = "quote"
version = "0.3.15"
source = "registry+https://github.com/rust-lang/crates.io-index"
checksum = "7a6e920b65c65f10b2ae65c831a81a073a89edd28c7cce89475bff467ab4167a"

[[package]]
name = "quote"
version = "1.0.35"
source = "registry+https://github.com/rust-lang/crates.io-index"
checksum = "291ec9ab5efd934aaf503a6466c5d5251535d108ee747472c3977cc5acc868ef"
dependencies = [
 "proc-macro2",
]

[[package]]
name = "rand"
version = "0.8.5"
source = "registry+https://github.com/rust-lang/crates.io-index"
checksum = "34af8d1a0e25924bc5b7c43c079c942339d8f0a8b57c39049bef581b46327404"
dependencies = [
 "libc",
 "rand_chacha",
 "rand_core",
]

[[package]]
name = "rand_chacha"
version = "0.3.1"
source = "registry+https://github.com/rust-lang/crates.io-index"
checksum = "e6c10a63a0fa32252be49d21e7709d4d4baf8d231c2dbce1eaa8141b9b127d88"
dependencies = [
 "ppv-lite86",
 "rand_core",
]

[[package]]
name = "rand_core"
version = "0.6.4"
source = "registry+https://github.com/rust-lang/crates.io-index"
checksum = "ec0be4795e2f6a28069bec0b5ff3e2ac9bafc99e6a9a7dc3547996c5c816922c"
dependencies = [
 "getrandom",
]

[[package]]
name = "rayon"
version = "1.10.0"
source = "registry+https://github.com/rust-lang/crates.io-index"
checksum = "b418a60154510ca1a002a752ca9714984e21e4241e804d32555251faf8b78ffa"
dependencies = [
 "either",
 "rayon-core",
]

[[package]]
name = "rayon-core"
version = "1.12.1"
source = "registry+https://github.com/rust-lang/crates.io-index"
checksum = "1465873a3dfdaa8ae7cb14b4383657caab0b3e8a0aa9ae8e04b044854c8dfce2"
dependencies = [
 "crossbeam-deque",
 "crossbeam-utils",
]

[[package]]
name = "redox_syscall"
version = "0.4.1"
source = "registry+https://github.com/rust-lang/crates.io-index"
checksum = "4722d768eff46b75989dd134e5c353f0d6296e5aaa3132e776cbdb56be7731aa"
dependencies = [
 "bitflags 1.3.2",
]

[[package]]
name = "regex"
version = "1.10.4"
source = "registry+https://github.com/rust-lang/crates.io-index"
checksum = "c117dbdfde9c8308975b6a18d71f3f385c89461f7b3fb054288ecf2a2058ba4c"
dependencies = [
 "aho-corasick",
 "memchr",
 "regex-automata",
 "regex-syntax",
]

[[package]]
name = "regex-automata"
version = "0.4.6"
source = "registry+https://github.com/rust-lang/crates.io-index"
checksum = "86b83b8b9847f9bf95ef68afb0b8e6cdb80f498442f5179a29fad448fcc1eaea"
dependencies = [
 "aho-corasick",
 "memchr",
 "regex-syntax",
]

[[package]]
name = "regex-syntax"
version = "0.8.3"
source = "registry+https://github.com/rust-lang/crates.io-index"
checksum = "adad44e29e4c806119491a7f06f03de4d1af22c3a680dd47f1e6e179439d1f56"

[[package]]
name = "remain"
version = "0.2.13"
source = "registry+https://github.com/rust-lang/crates.io-index"
checksum = "ad9f2390298a947ee0aa6073d440e221c0726188cfbcdf9604addb6ee393eb4a"
dependencies = [
 "proc-macro2",
 "quote 1.0.35",
 "syn 2.0.57",
]

[[package]]
name = "resources"
version = "0.1.0"
dependencies = [
 "base",
 "libc",
 "remain",
 "serde",
 "thiserror",
]

[[package]]
name = "riscv64"
version = "0.1.0"
dependencies = [
 "arch",
 "base",
 "cros_fdt",
 "devices",
 "hypervisor",
 "kernel_cmdline",
 "kvm",
 "kvm_sys",
 "libc",
 "minijail",
 "rand",
 "remain",
 "resources",
 "sync",
 "thiserror",
 "vm_control",
 "vm_memory",
]

[[package]]
name = "rustc-hash"
version = "1.1.0"
source = "registry+https://github.com/rust-lang/crates.io-index"
checksum = "08d43f7aa6b08d49f382cde6a7982047c3426db949b1424bc4b7ec9ae12c6ce2"

[[package]]
name = "rustix"
version = "0.38.32"
source = "registry+https://github.com/rust-lang/crates.io-index"
checksum = "65e04861e65f21776e67888bfbea442b3642beaa0138fdb1dd7a84a52dffdb89"
dependencies = [
 "bitflags 2.5.0",
 "errno",
 "libc",
 "linux-raw-sys",
 "windows-sys",
]

[[package]]
name = "rutabaga_gfx"
version = "0.1.3"
dependencies = [
 "anyhow",
 "cfg-if",
 "libc",
 "log",
 "nix 0.27.1",
 "pkg-config",
 "remain",
 "thiserror",
 "winapi",
 "zerocopy",
]

[[package]]
name = "ryu"
version = "1.0.17"
source = "registry+https://github.com/rust-lang/crates.io-index"
checksum = "e86697c916019a8588c99b5fac3cead74ec0b4b819707a682fd4d23fa0ce1ba1"

[[package]]
name = "sandbox"
version = "0.1.0"
dependencies = [
 "anyhow",
 "base",
 "prebuilts",
 "win_util",
 "winapi",
]

[[package]]
name = "scopeguard"
version = "1.2.0"
source = "registry+https://github.com/rust-lang/crates.io-index"
checksum = "94143f37725109f92c262ed2cf5e59bce7498c01bcc1502d7b9afe439a4e9f49"

[[package]]
name = "serde"
version = "1.0.197"
source = "registry+https://github.com/rust-lang/crates.io-index"
checksum = "3fb1c873e1b9b056a4dc4c0c198b24c3ffa059243875552b2bd0933b1aee4ce2"
dependencies = [
 "serde_derive",
]

[[package]]
name = "serde_derive"
version = "1.0.197"
source = "registry+https://github.com/rust-lang/crates.io-index"
checksum = "7eb0b34b42edc17f6b7cac84a52a1c5f0e1bb2227e997ca9011ea3dd34e8610b"
dependencies = [
 "proc-macro2",
 "quote 1.0.35",
 "syn 2.0.57",
]

[[package]]
name = "serde_json"
version = "1.0.115"
source = "registry+https://github.com/rust-lang/crates.io-index"
checksum = "12dc5c46daa8e9fdf4f5e71b6cf9a53f2487da0e86e55808e2d35539666497dd"
dependencies = [
 "itoa",
 "ryu",
 "serde",
]

[[package]]
name = "serde_keyvalue"
version = "0.1.0"
dependencies = [
 "argh",
 "nom",
 "num-traits",
 "remain",
 "serde",
 "serde_keyvalue_derive",
 "thiserror",
]

[[package]]
name = "serde_keyvalue_derive"
version = "0.1.0"
dependencies = [
 "argh",
 "proc-macro2",
 "quote 1.0.35",
 "syn 2.0.57",
]

[[package]]
name = "shlex"
version = "1.3.0"
source = "registry+https://github.com/rust-lang/crates.io-index"
checksum = "0fda2ff0d084019ba4d7c6f371c95d8fd75ce3524c3cb8fb653a3023f6323e64"

[[package]]
name = "slab"
version = "0.4.9"
source = "registry+https://github.com/rust-lang/crates.io-index"
checksum = "8f92a496fb766b417c996b9c5e57daf2f7ad3b0bebe1ccfca4856390e3d3bb67"
dependencies = [
 "autocfg",
]

[[package]]
name = "smallvec"
version = "1.13.2"
source = "registry+https://github.com/rust-lang/crates.io-index"
checksum = "3c5e1a9a646d36c3599cd173a41282daf47c44583ad367b8e6837255952e5c67"

[[package]]
name = "static_assertions"
version = "1.1.0"
source = "registry+https://github.com/rust-lang/crates.io-index"
checksum = "a2eb9349b6444b326872e140eb1cf5e7c522154d69e7a0ffb0fb81c06b37543f"

[[package]]
name = "swap"
version = "0.1.0"
dependencies = [
 "anyhow",
 "base",
 "cfg-if",
 "cros_tracing",
 "jail",
 "libc",
 "num_cpus",
 "once_cell",
 "remain",
 "serde",
 "serde_json",
 "sync",
 "thiserror",
 "vm_memory",
]

[[package]]
name = "syn"
version = "0.11.11"
source = "registry+https://github.com/rust-lang/crates.io-index"
checksum = "d3b891b9015c88c576343b9b3e41c2c11a51c219ef067b264bd9c8aa9b441dad"
dependencies = [
 "quote 0.3.15",
 "synom",
 "unicode-xid",
]

[[package]]
name = "syn"
version = "1.0.109"
source = "registry+https://github.com/rust-lang/crates.io-index"
checksum = "72b64191b275b66ffe2469e8af2c1cfe3bafa67b529ead792a6d0160888b4237"
dependencies = [
 "proc-macro2",
 "quote 1.0.35",
 "unicode-ident",
]

[[package]]
name = "syn"
version = "2.0.57"
source = "registry+https://github.com/rust-lang/crates.io-index"
checksum = "11a6ae1e52eb25aab8f3fb9fca13be982a373b8f1157ca14b897a825ba4a2d35"
dependencies = [
 "proc-macro2",
 "quote 1.0.35",
 "unicode-ident",
]

[[package]]
name = "sync"
version = "0.1.99"

[[package]]
name = "synom"
version = "0.11.3"
source = "registry+https://github.com/rust-lang/crates.io-index"
checksum = "a393066ed9010ebaed60b9eafa373d4b1baac186dd7e008555b0f702b51945b6"
dependencies = [
 "unicode-xid",
]

[[package]]
name = "tempfile"
version = "3.10.1"
source = "registry+https://github.com/rust-lang/crates.io-index"
checksum = "85b77fafb263dd9d05cbeac119526425676db3784113aa9295c88498cbf8bff1"
dependencies = [
 "cfg-if",
 "fastrand",
 "rustix",
 "windows-sys",
]

[[package]]
name = "thiserror"
version = "1.0.58"
source = "registry+https://github.com/rust-lang/crates.io-index"
checksum = "03468839009160513471e86a034bb2c5c0e4baae3b43f79ffc55c4a5427b3297"
dependencies = [
 "thiserror-impl",
]

[[package]]
name = "thiserror-impl"
version = "1.0.58"
source = "registry+https://github.com/rust-lang/crates.io-index"
checksum = "c61f3ba182994efc43764a46c018c347bc492c79f024e705f46567b418f6d4f7"
dependencies = [
 "proc-macro2",
 "quote 1.0.35",
 "syn 2.0.57",
]

[[package]]
name = "tube_transporter"
version = "0.1.0"
dependencies = [
 "base",
 "rand",
 "serde",
 "serde_json",
 "thiserror",
 "win_util",
 "winapi",
]

[[package]]
name = "twox-hash"
version = "1.6.3"
source = "registry+https://github.com/rust-lang/crates.io-index"
checksum = "97fee6b57c6a41524a810daee9286c02d7752c4253064d0b05472833a438f675"
dependencies = [
 "cfg-if",
 "static_assertions",
]

[[package]]
name = "unicode-ident"
version = "1.0.12"
source = "registry+https://github.com/rust-lang/crates.io-index"
checksum = "3354b9ac3fae1ff6755cb6db53683adb661634f67557942dea4facebec0fee4b"

[[package]]
name = "unicode-xid"
version = "0.0.4"
source = "registry+https://github.com/rust-lang/crates.io-index"
checksum = "8c1f860d7d29cf02cb2f3f359fd35991af3d30bac52c57d265a3c461074cb4dc"

[[package]]
name = "usb_sys"
version = "0.1.0"
dependencies = [
 "base",
]

[[package]]
name = "usb_util"
version = "0.1.0"
dependencies = [
 "base",
 "data_model",
 "libc",
 "remain",
 "static_assertions",
 "sync",
 "thiserror",
 "usb_sys",
 "zerocopy",
]

[[package]]
name = "uuid"
version = "1.8.0"
source = "registry+https://github.com/rust-lang/crates.io-index"
checksum = "a183cf7feeba97b4dd1c0d46788634f6221d87fa961b305bed08c851829efcc0"
dependencies = [
 "getrandom",
 "serde",
]

[[package]]
name = "version_check"
version = "0.9.4"
source = "registry+https://github.com/rust-lang/crates.io-index"
checksum = "49874b5167b65d7193b8aba1567f5c7d93d001cafc34600cee003eda787e483f"

[[package]]
name = "vfio_sys"
version = "0.1.0"
dependencies = [
 "base",
 "zerocopy",
]

[[package]]
name = "vhost"
version = "0.1.0"
dependencies = [
 "base",
 "libc",
 "net_util",
 "remain",
 "static_assertions",
 "thiserror",
 "virtio_sys",
 "vm_memory",
]

[[package]]
name = "virtio_sys"
version = "0.1.0"
dependencies = [
 "base",
 "data_model",
 "zerocopy",
]

[[package]]
name = "vm_control"
version = "0.1.0"
dependencies = [
 "anyhow",
 "balloon_control",
 "base",
 "cfg-if",
 "crypto_generic",
 "hypervisor",
 "libc",
 "once_cell",
 "remain",
 "resources",
 "rutabaga_gfx",
 "serde",
 "serde_json",
 "serde_keyvalue",
 "swap",
 "sync",
 "thiserror",
 "vm_control_product",
 "vm_memory",
 "winapi",
]

[[package]]
name = "vm_control_product"
version = "0.1.0"
dependencies = [
 "serde",
]

[[package]]
name = "vm_memory"
version = "0.1.0"
dependencies = [
 "anyhow",
 "base",
 "bitflags 2.5.0",
 "cfg-if",
 "cros_async",
 "data_model",
 "libc",
 "lz4_flex",
 "remain",
 "serde",
 "serde_json",
 "thiserror",
 "zerocopy",
]

[[package]]
name = "vmm_vhost"
version = "0.1.0"
dependencies = [
 "anyhow",
 "base",
 "bitflags 2.5.0",
 "cfg-if",
 "enumn",
 "libc",
 "remain",
 "serde",
 "serde_json",
 "tempfile",
 "thiserror",
 "tube_transporter",
 "zerocopy",
]

[[package]]
name = "wasi"
version = "0.11.0+wasi-snapshot-preview1"
source = "registry+https://github.com/rust-lang/crates.io-index"
checksum = "9c8d87e72b64a3b4db28d11ce29237c246188f4f51057d65a7eab63b7987e423"

[[package]]
name = "which"
version = "4.4.2"
source = "registry+https://github.com/rust-lang/crates.io-index"
checksum = "87ba24419a2078cd2b0f2ede2691b6c66d8e47836da3b6db8265ebad47afbfc7"
dependencies = [
 "either",
 "home",
 "once_cell",
 "rustix",
]

[[package]]
name = "widestring"
version = "1.0.2"
source = "registry+https://github.com/rust-lang/crates.io-index"
checksum = "653f141f39ec16bba3c5abe400a0c60da7468261cc2cbf36805022876bc721a8"

[[package]]
name = "win_audio"
version = "0.1.0"
dependencies = [
 "anyhow",
 "async-trait",
 "audio_streams",
 "audio_util",
 "base",
 "cros_async",
 "libc",
 "metrics",
 "once_cell",
 "prebuilts",
 "sync",
 "thiserror",
 "win_util",
 "winapi",
 "wio",
]

[[package]]
name = "win_util"
version = "0.1.0"
dependencies = [
 "anyhow",
 "enumn",
 "libc",
 "once_cell",
 "serde",
 "winapi",
 "windows",
 "zeroize",
]

[[package]]
name = "winapi"
version = "0.3.9"
source = "registry+https://github.com/rust-lang/crates.io-index"
checksum = "5c839a674fcd7a98952e593242ea400abe93992746761e38641405d28b00f419"
dependencies = [
 "winapi-i686-pc-windows-gnu",
 "winapi-x86_64-pc-windows-gnu",
]

[[package]]
name = "winapi-i686-pc-windows-gnu"
version = "0.4.0"
source = "registry+https://github.com/rust-lang/crates.io-index"
checksum = "ac3b87c63620426dd9b991e5ce0329eff545bccbbb34f3be09ff6fb6ab51b7b6"

[[package]]
name = "winapi-x86_64-pc-windows-gnu"
version = "0.4.0"
source = "registry+https://github.com/rust-lang/crates.io-index"
checksum = "712e227841d057c1ee1cd2fb22fa7e5a5461ae8e48fa2ca79ec42cfc1931183f"

[[package]]
name = "windows"
version = "0.39.0"
source = "registry+https://github.com/rust-lang/crates.io-index"
checksum = "f1c4bd0a50ac6020f65184721f758dba47bb9fbc2133df715ec74a237b26794a"
dependencies = [
 "windows_aarch64_msvc 0.39.0",
 "windows_i686_gnu 0.39.0",
 "windows_i686_msvc 0.39.0",
 "windows_x86_64_gnu 0.39.0",
 "windows_x86_64_msvc 0.39.0",
]

[[package]]
name = "windows-sys"
version = "0.52.0"
source = "registry+https://github.com/rust-lang/crates.io-index"
checksum = "282be5f36a8ce781fad8c8ae18fa3f9beff57ec1b52cb3de0789201425d9a33d"
dependencies = [
 "windows-targets 0.52.4",
]

[[package]]
name = "windows-targets"
version = "0.48.5"
source = "registry+https://github.com/rust-lang/crates.io-index"
checksum = "9a2fa6e2155d7247be68c096456083145c183cbbbc2764150dda45a87197940c"
dependencies = [
 "windows_aarch64_gnullvm 0.48.5",
 "windows_aarch64_msvc 0.48.5",
 "windows_i686_gnu 0.48.5",
 "windows_i686_msvc 0.48.5",
 "windows_x86_64_gnu 0.48.5",
 "windows_x86_64_gnullvm 0.48.5",
 "windows_x86_64_msvc 0.48.5",
]

[[package]]
name = "windows-targets"
version = "0.52.4"
source = "registry+https://github.com/rust-lang/crates.io-index"
checksum = "7dd37b7e5ab9018759f893a1952c9420d060016fc19a472b4bb20d1bdd694d1b"
dependencies = [
 "windows_aarch64_gnullvm 0.52.4",
 "windows_aarch64_msvc 0.52.4",
 "windows_i686_gnu 0.52.4",
 "windows_i686_msvc 0.52.4",
 "windows_x86_64_gnu 0.52.4",
 "windows_x86_64_gnullvm 0.52.4",
 "windows_x86_64_msvc 0.52.4",
]

[[package]]
name = "windows_aarch64_gnullvm"
version = "0.48.5"
source = "registry+https://github.com/rust-lang/crates.io-index"
checksum = "2b38e32f0abccf9987a4e3079dfb67dcd799fb61361e53e2882c3cbaf0d905d8"

[[package]]
name = "windows_aarch64_gnullvm"
version = "0.52.4"
source = "registry+https://github.com/rust-lang/crates.io-index"
checksum = "bcf46cf4c365c6f2d1cc93ce535f2c8b244591df96ceee75d8e83deb70a9cac9"

[[package]]
name = "windows_aarch64_msvc"
version = "0.39.0"
source = "registry+https://github.com/rust-lang/crates.io-index"
checksum = "ec7711666096bd4096ffa835238905bb33fb87267910e154b18b44eaabb340f2"

[[package]]
name = "windows_aarch64_msvc"
version = "0.48.5"
source = "registry+https://github.com/rust-lang/crates.io-index"
checksum = "dc35310971f3b2dbbf3f0690a219f40e2d9afcf64f9ab7cc1be722937c26b4bc"

[[package]]
name = "windows_aarch64_msvc"
version = "0.52.4"
source = "registry+https://github.com/rust-lang/crates.io-index"
checksum = "da9f259dd3bcf6990b55bffd094c4f7235817ba4ceebde8e6d11cd0c5633b675"

[[package]]
name = "windows_i686_gnu"
version = "0.39.0"
source = "registry+https://github.com/rust-lang/crates.io-index"
checksum = "763fc57100a5f7042e3057e7e8d9bdd7860d330070251a73d003563a3bb49e1b"

[[package]]
name = "windows_i686_gnu"
version = "0.48.5"
source = "registry+https://github.com/rust-lang/crates.io-index"
checksum = "a75915e7def60c94dcef72200b9a8e58e5091744960da64ec734a6c6e9b3743e"

[[package]]
name = "windows_i686_gnu"
version = "0.52.4"
source = "registry+https://github.com/rust-lang/crates.io-index"
checksum = "b474d8268f99e0995f25b9f095bc7434632601028cf86590aea5c8a5cb7801d3"

[[package]]
name = "windows_i686_msvc"
version = "0.39.0"
source = "registry+https://github.com/rust-lang/crates.io-index"
checksum = "7bc7cbfe58828921e10a9f446fcaaf649204dcfe6c1ddd712c5eebae6bda1106"

[[package]]
name = "windows_i686_msvc"
version = "0.48.5"
source = "registry+https://github.com/rust-lang/crates.io-index"
checksum = "8f55c233f70c4b27f66c523580f78f1004e8b5a8b659e05a4eb49d4166cca406"

[[package]]
name = "windows_i686_msvc"
version = "0.52.4"
source = "registry+https://github.com/rust-lang/crates.io-index"
checksum = "1515e9a29e5bed743cb4415a9ecf5dfca648ce85ee42e15873c3cd8610ff8e02"

[[package]]
name = "windows_x86_64_gnu"
version = "0.39.0"
source = "registry+https://github.com/rust-lang/crates.io-index"
checksum = "6868c165637d653ae1e8dc4d82c25d4f97dd6605eaa8d784b5c6e0ab2a252b65"

[[package]]
name = "windows_x86_64_gnu"
version = "0.48.5"
source = "registry+https://github.com/rust-lang/crates.io-index"
checksum = "53d40abd2583d23e4718fddf1ebec84dbff8381c07cae67ff7768bbf19c6718e"

[[package]]
name = "windows_x86_64_gnu"
version = "0.52.4"
source = "registry+https://github.com/rust-lang/crates.io-index"
checksum = "5eee091590e89cc02ad514ffe3ead9eb6b660aedca2183455434b93546371a03"

[[package]]
name = "windows_x86_64_gnullvm"
version = "0.48.5"
source = "registry+https://github.com/rust-lang/crates.io-index"
checksum = "0b7b52767868a23d5bab768e390dc5f5c55825b6d30b86c844ff2dc7414044cc"

[[package]]
name = "windows_x86_64_gnullvm"
version = "0.52.4"
source = "registry+https://github.com/rust-lang/crates.io-index"
checksum = "77ca79f2451b49fa9e2af39f0747fe999fcda4f5e241b2898624dca97a1f2177"

[[package]]
name = "windows_x86_64_msvc"
version = "0.39.0"
source = "registry+https://github.com/rust-lang/crates.io-index"
checksum = "5e4d40883ae9cae962787ca76ba76390ffa29214667a111db9e0a1ad8377e809"

[[package]]
name = "windows_x86_64_msvc"
version = "0.48.5"
source = "registry+https://github.com/rust-lang/crates.io-index"
checksum = "ed94fce61571a4006852b7389a063ab983c02eb1bb37b47f8272ce92d06d9538"

[[package]]
name = "windows_x86_64_msvc"
version = "0.52.4"
source = "registry+https://github.com/rust-lang/crates.io-index"
checksum = "32b752e52a2da0ddfbdbcc6fceadfeede4c939ed16d13e648833a61dfb611ed8"

[[package]]
name = "wio"
version = "0.2.2"
source = "registry+https://github.com/rust-lang/crates.io-index"
checksum = "5d129932f4644ac2396cb456385cbf9e63b5b30c6e8dc4820bdca4eb082037a5"
dependencies = [
 "winapi",
]

[[package]]
name = "x86_64"
version = "0.1.0"
dependencies = [
 "acpi_tables",
 "anyhow",
 "arch",
 "base",
 "cfg-if",
 "chrono",
 "cros_fdt",
 "devices",
 "hypervisor",
 "jail",
 "kernel_cmdline",
 "kernel_loader",
 "libc",
 "memoffset 0.6.5",
 "minijail",
 "once_cell",
 "rand",
 "remain",
 "resources",
 "swap",
 "sync",
 "thiserror",
 "uuid",
 "vm_control",
 "vm_memory",
 "zerocopy",
]

[[package]]
name = "zerocopy"
version = "0.7.32"
source = "registry+https://github.com/rust-lang/crates.io-index"
checksum = "74d4d3961e53fa4c9a25a8637fc2bfaf2595b3d3ae34875568a5cf64787716be"
dependencies = [
 "byteorder",
 "zerocopy-derive",
]

[[package]]
name = "zerocopy-derive"
version = "0.7.32"
source = "registry+https://github.com/rust-lang/crates.io-index"
checksum = "9ce1b18ccd8e73a9321186f97e46f9f04b778851177567b1975109d26a08d2a6"
dependencies = [
 "proc-macro2",
 "quote 1.0.35",
 "syn 2.0.57",
]

[[package]]
name = "zeroize"
version = "1.7.0"
source = "registry+https://github.com/rust-lang/crates.io-index"
checksum = "525b4ec142c6b68a2d10f01f7bbf6755599ca3f81ea53b8431b7dd348f5fdb2d"
